
Microsoft Visual Studio Solution File, Format Version 12.00
Project("{FAE04EC0-301F-11D3-BF4B-00C04F79EFBC}") = "Veterinaria.UI", "Veterinaria.UI\Veterinaria.UI.csproj", "{DA84F2BA-E1BB-4A67-A930-C839F2630BB5}"
EndProject
Project("{FAE04EC0-301F-11D3-BF4B-00C04F79EFBC}") = "Veterinaria.Entidades", "Veterinaria.Entidades\Veterinaria.Entidades.csproj", "{50FC9FD7-ADAD-4206-8791-5F402CB13029}"
EndProject
Project("{FAE04EC0-301F-11D3-BF4B-00C04F79EFBC}") = "Veterinaria.Datos", "Veterinaria.Datos\Veterinaria.Datos.csproj", "{C3F2FB5B-A5BB-46A7-A853-EF4FE98E2674}"
EndProject
Global
	GlobalSection(SolutionConfigurationPlatforms) = preSolution
		Debug|Any CPU = Debug|Any CPU
		Debug|x64 = Debug|x64
		Debug|x86 = Debug|x86
		Release|Any CPU = Release|Any CPU
		Release|x64 = Release|x64
		Release|x86 = Release|x86
	EndGlobalSection
	GlobalSection(ProjectConfigurationPlatforms) = postSolution
		{DA84F2BA-E1BB-4A67-A930-C839F2630BB5}.Debug|Any CPU.ActiveCfg = Debug|Any CPU
		{DA84F2BA-E1BB-4A67-A930-C839F2630BB5}.Debug|Any CPU.Build.0 = Debug|Any CPU
		{DA84F2BA-E1BB-4A67-A930-C839F2630BB5}.Debug|x64.ActiveCfg = Debug|Any CPU
		{DA84F2BA-E1BB-4A67-A930-C839F2630BB5}.Debug|x64.Build.0 = Debug|Any CPU
		{DA84F2BA-E1BB-4A67-A930-C839F2630BB5}.Debug|x86.ActiveCfg = Debug|Any CPU
		{DA84F2BA-E1BB-4A67-A930-C839F2630BB5}.Debug|x86.Build.0 = Debug|Any CPU
		{DA84F2BA-E1BB-4A67-A930-C839F2630BB5}.Release|Any CPU.ActiveCfg = Release|Any CPU
		{DA84F2BA-E1BB-4A67-A930-C839F2630BB5}.Release|Any CPU.Build.0 = Release|Any CPU
		{DA84F2BA-E1BB-4A67-A930-C839F2630BB5}.Release|x64.ActiveCfg = Release|Any CPU
		{DA84F2BA-E1BB-4A67-A930-C839F2630BB5}.Release|x64.Build.0 = Release|Any CPU
		{DA84F2BA-E1BB-4A67-A930-C839F2630BB5}.Release|x86.ActiveCfg = Release|Any CPU
		{DA84F2BA-E1BB-4A67-A930-C839F2630BB5}.Release|x86.Build.0 = Release|Any CPU
		{50FC9FD7-ADAD-4206-8791-5F402CB13029}.Debug|Any CPU.ActiveCfg = Debug|Any CPU
		{50FC9FD7-ADAD-4206-8791-5F402CB13029}.Debug|Any CPU.Build.0 = Debug|Any CPU
		{50FC9FD7-ADAD-4206-8791-5F402CB13029}.Debug|x64.ActiveCfg = Debug|Any CPU
		{50FC9FD7-ADAD-4206-8791-5F402CB13029}.Debug|x64.Build.0 = Debug|Any CPU
		{50FC9FD7-ADAD-4206-8791-5F402CB13029}.Debug|x86.ActiveCfg = Debug|Any CPU
		{50FC9FD7-ADAD-4206-8791-5F402CB13029}.Debug|x86.Build.0 = Debug|Any CPU
		{50FC9FD7-ADAD-4206-8791-5F402CB13029}.Release|Any CPU.ActiveCfg = Release|Any CPU
		{50FC9FD7-ADAD-4206-8791-5F402CB13029}.Release|Any CPU.Build.0 = Release|Any CPU
		{50FC9FD7-ADAD-4206-8791-5F402CB13029}.Release|x64.ActiveCfg = Release|Any CPU
		{50FC9FD7-ADAD-4206-8791-5F402CB13029}.Release|x64.Build.0 = Release|Any CPU
		{50FC9FD7-ADAD-4206-8791-5F402CB13029}.Release|x86.ActiveCfg = Release|Any CPU
		{50FC9FD7-ADAD-4206-8791-5F402CB13029}.Release|x86.Build.0 = Release|Any CPU
		{C3F2FB5B-A5BB-46A7-A853-EF4FE98E2674}.Debug|Any CPU.ActiveCfg = Debug|Any CPU
		{C3F2FB5B-A5BB-46A7-A853-EF4FE98E2674}.Debug|Any CPU.Build.0 = Debug|Any CPU
		{C3F2FB5B-A5BB-46A7-A853-EF4FE98E2674}.Debug|x64.ActiveCfg = Debug|Any CPU
		{C3F2FB5B-A5BB-46A7-A853-EF4FE98E2674}.Debug|x64.Build.0 = Debug|Any CPU
		{C3F2FB5B-A5BB-46A7-A853-EF4FE98E2674}.Debug|x86.ActiveCfg = Debug|Any CPU
		{C3F2FB5B-A5BB-46A7-A853-EF4FE98E2674}.Debug|x86.Build.0 = Debug|Any CPU
		{C3F2FB5B-A5BB-46A7-A853-EF4FE98E2674}.Release|Any CPU.ActiveCfg = Release|Any CPU
		{C3F2FB5B-A5BB-46A7-A853-EF4FE98E2674}.Release|Any CPU.Build.0 = Release|Any CPU
		{C3F2FB5B-A5BB-46A7-A853-EF4FE98E2674}.Release|x64.ActiveCfg = Release|Any CPU
		{C3F2FB5B-A5BB-46A7-A853-EF4FE98E2674}.Release|x64.Build.0 = Release|Any CPU
		{C3F2FB5B-A5BB-46A7-A853-EF4FE98E2674}.Release|x86.ActiveCfg = Release|Any CPU
		{C3F2FB5B-A5BB-46A7-A853-EF4FE98E2674}.Release|x86.Build.0 = Release|Any CPU
	EndGlobalSection
	GlobalSection(SolutionProperties) = preSolution
		HideSolutionNode = FALSE
	EndGlobalSection
EndGlobal
